Microsoft Visual Studio Solution File, Format Version 8.00
Project("{8BC9CEB8-8B4A-11D0-8D11-00A0C91BC942}") = "Knob", "Knob\Knob.vcproj", "{B263550E-8C07-3907-B588-925CAE68B00F}"
	ProjectSection(ProjectDependencies) = postProject
	EndProjectSection
EndProject
Project("{8BC9CEB8-8B4A-11D0-8D11-00A0C91BC942}") = "TwoKnobs", "TwoKnobs\TwoKnobs.vcproj", "{B198799B-6B05-353A-AE9A-72E5F19E4AD1}"
	ProjectSection(ProjectDependencies) = postProject
		{B263550E-8C07-3907-B588-925CAE68B00F} = {B263550E-8C07-3907-B588-925CAE68B00F}
	EndProjectSection
EndProject
Project("{8BC9CEB8-8B4A-11D0-8D11-00A0C91BC942}") = "TwoKnobsTest", "TwoKnobs\Test\TwoKnobsTest.vcproj", "{484E182E-64D2-358A-AE79-C0A9849783BB}"
	ProjectSection(ProjectDependencies) = postProject
		{B263550E-8C07-3907-B588-925CAE68B00F} = {B263550E-8C07-3907-B588-925CAE68B00F}
		{B198799B-6B05-353A-AE9A-72E5F19E4AD1} = {B198799B-6B05-353A-AE9A-72E5F19E4AD1}
	EndProjectSection
EndProject
Project("{8BC9CEB8-8B4A-11D0-8D11-00A0C91BC942}") = "ScopePlot", "ScopePlot\ScopePlot.vcproj", "{F48980FC-3982-3B03-8B9A-6D6CD96AF509}"
	ProjectSection(ProjectDependencies) = postProject
	EndProjectSection
EndProject
Project("{8BC9CEB8-8B4A-11D0-8D11-00A0C91BC942}") = "ScopePlotTest", "ScopePlot\Test\ScopePlotTest.vcproj", "{56424E18-DF37-37FA-9EB0-9611764B9AA4}"
	ProjectSection(ProjectDependencies) = postProject
	EndProjectSection
EndProject
Project("{8BC9CEB8-8B4A-11D0-8D11-00A0C91BC942}") = "ColorBar", "ColorBar\ColorBar.vcproj", "{42019193-2424-31CD-A12F-881526B511B2}"
	ProjectSection(ProjectDependencies) = postProject
	EndProjectSection
EndProject
Project("{8BC9CEB8-8B4A-11D0-8D11-00A0C91BC942}") = "ColorBarTest", "ColorBar\Test\ColorBarTest.vcproj", "{57D196B6-E53A-3196-8BCD-FE662A9FA9B4}"
	ProjectSection(ProjectDependencies) = postProject
	EndProjectSection
EndProject
Project("{8BC9CEB8-8B4A-11D0-8D11-00A0C91BC942}") = "PPI", "PPI\PPI.vcproj", "{0D9743D3-2F6A-3871-A8C1-61DA73BA53EF}"
	ProjectSection(ProjectDependencies) = postProject
	EndProjectSection
EndProject
Project("{8BC9CEB8-8B4A-11D0-8D11-00A0C91BC942}") = "PPITest", "PPI\Test\PPITest.vcproj", "{B3892DC5-741C-3A58-B9CB-E206DB913CC8}"
	ProjectSection(ProjectDependencies) = postProject
		{0D9743D3-2F6A-3871-A8C1-61DA73BA53EF} = {0D9743D3-2F6A-3871-A8C1-61DA73BA53EF}
	EndProjectSection
EndProject
Project("{54435603-DBB4-11D2-8724-00A0C9A8B90C}") = "QtToolbox Installer", "Installer\Installer.vdproj", "{FAEAA6E7-7C7A-4668-93BF-5149D4A536B2}"
	ProjectSection(ProjectDependencies) = postProject
	EndProjectSection
EndProject
Global
	GlobalSection(SolutionConfiguration) = preSolution
		Debug = Debug
		Release = Release
	EndGlobalSection
	GlobalSection(ProjectConfiguration) = postSolution
		{B263550E-8C07-3907-B588-925CAE68B00F}.Debug.ActiveCfg = Debug|Win32
		{B263550E-8C07-3907-B588-925CAE68B00F}.Debug.Build.0 = Debug|Win32
		{B263550E-8C07-3907-B588-925CAE68B00F}.Release.ActiveCfg = Release|Win32
		{B263550E-8C07-3907-B588-925CAE68B00F}.Release.Build.0 = Release|Win32
		{B198799B-6B05-353A-AE9A-72E5F19E4AD1}.Debug.ActiveCfg = Debug|Win32
		{B198799B-6B05-353A-AE9A-72E5F19E4AD1}.Debug.Build.0 = Debug|Win32
		{B198799B-6B05-353A-AE9A-72E5F19E4AD1}.Release.ActiveCfg = Release|Win32
		{B198799B-6B05-353A-AE9A-72E5F19E4AD1}.Release.Build.0 = Release|Win32
		{484E182E-64D2-358A-AE79-C0A9849783BB}.Debug.ActiveCfg = Debug|Win32
		{484E182E-64D2-358A-AE79-C0A9849783BB}.Debug.Build.0 = Debug|Win32
		{484E182E-64D2-358A-AE79-C0A9849783BB}.Release.ActiveCfg = Release|Win32
		{484E182E-64D2-358A-AE79-C0A9849783BB}.Release.Build.0 = Release|Win32
		{F48980FC-3982-3B03-8B9A-6D6CD96AF509}.Debug.ActiveCfg = Debug|Win32
		{F48980FC-3982-3B03-8B9A-6D6CD96AF509}.Debug.Build.0 = Debug|Win32
		{F48980FC-3982-3B03-8B9A-6D6CD96AF509}.Release.ActiveCfg = Release|Win32
		{F48980FC-3982-3B03-8B9A-6D6CD96AF509}.Release.Build.0 = Release|Win32
		{56424E18-DF37-37FA-9EB0-9611764B9AA4}.Debug.ActiveCfg = Debug|Win32
		{56424E18-DF37-37FA-9EB0-9611764B9AA4}.Debug.Build.0 = Debug|Win32
		{56424E18-DF37-37FA-9EB0-9611764B9AA4}.Release.ActiveCfg = Release|Win32
		{56424E18-DF37-37FA-9EB0-9611764B9AA4}.Release.Build.0 = Release|Win32
		{42019193-2424-31CD-A12F-881526B511B2}.Debug.ActiveCfg = Debug|Win32
		{42019193-2424-31CD-A12F-881526B511B2}.Debug.Build.0 = Debug|Win32
		{42019193-2424-31CD-A12F-881526B511B2}.Release.ActiveCfg = Release|Win32
		{42019193-2424-31CD-A12F-881526B511B2}.Release.Build.0 = Release|Win32
		{57D196B6-E53A-3196-8BCD-FE662A9FA9B4}.Debug.ActiveCfg = Debug|Win32
		{57D196B6-E53A-3196-8BCD-FE662A9FA9B4}.Debug.Build.0 = Debug|Win32
		{57D196B6-E53A-3196-8BCD-FE662A9FA9B4}.Release.ActiveCfg = Release|Win32
		{57D196B6-E53A-3196-8BCD-FE662A9FA9B4}.Release.Build.0 = Release|Win32
		{0D9743D3-2F6A-3871-A8C1-61DA73BA53EF}.Debug.ActiveCfg = Debug|Win32
		{0D9743D3-2F6A-3871-A8C1-61DA73BA53EF}.Debug.Build.0 = Debug|Win32
		{0D9743D3-2F6A-3871-A8C1-61DA73BA53EF}.Release.ActiveCfg = Release|Win32
		{0D9743D3-2F6A-3871-A8C1-61DA73BA53EF}.Release.Build.0 = Release|Win32
		{B3892DC5-741C-3A58-B9CB-E206DB913CC8}.Debug.ActiveCfg = Debug|Win32
		{B3892DC5-741C-3A58-B9CB-E206DB913CC8}.Debug.Build.0 = Debug|Win32
		{B3892DC5-741C-3A58-B9CB-E206DB913CC8}.Release.ActiveCfg = Release|Win32
		{B3892DC5-741C-3A58-B9CB-E206DB913CC8}.Release.Build.0 = Release|Win32
		{FAEAA6E7-7C7A-4668-93BF-5149D4A536B2}.Debug.ActiveCfg = Debug
		{FAEAA6E7-7C7A-4668-93BF-5149D4A536B2}.Release.ActiveCfg = Release
		{FAEAA6E7-7C7A-4668-93BF-5149D4A536B2}.Release.Build.0 = Release
	EndGlobalSection
	GlobalSection(ExtensibilityGlobals) = postSolution
	EndGlobalSection
	GlobalSection(ExtensibilityAddIns) = postSolution
	EndGlobalSection
EndGlobal
