Microsoft Visual Studio Solution File, Format Version 9.00
# Visual Studio 2005
Project("{8BC9CEB8-8B4A-11D0-8D11-00A0C91BC942}") = "ColorBarTest", "ColorBar\Test\ColorBarTest.vcproj", "{57D196B6-E53A-3196-8BCD-FE662A9FA9B4}"
	GlobalSection(Qt) = preSolution
		Integration = True
	EndGlobalSection
	ProjectSection(ProjectDependencies) = postProject
		{85599015-083E-3672-B9EE-71498D034D3B} = {85599015-083E-3672-B9EE-71498D034D3B}
	EndProjectSection
EndProject
Project("{8BC9CEB8-8B4A-11D0-8D11-00A0C91BC942}") = "ColorBard", "ColorBar\ColorBard.vcproj", "{85599015-083E-3672-B9EE-71498D034D3B}"
	GlobalSection(Qt) = preSolution
		Integration = True
	EndGlobalSection
EndProject
Project("{8BC9CEB8-8B4A-11D0-8D11-00A0C91BC942}") = "TwoKnobsd", "TwoKnobs\TwoKnobsd.vcproj", "{FDBF7F4E-0DCA-313B-B0D5-741D6E62230F}"
	GlobalSection(Qt) = preSolution
		Integration = True
	EndGlobalSection
EndProject
Project("{8BC9CEB8-8B4A-11D0-8D11-00A0C91BC942}") = "TwoKnobsTest", "TwoKnobs\Test\TwoKnobsTest.vcproj", "{23DA7E25-5651-3CE1-924C-BE5A696368DF}"
	GlobalSection(Qt) = preSolution
		Integration = True
	EndGlobalSection
	ProjectSection(ProjectDependencies) = postProject
		{FDBF7F4E-0DCA-313B-B0D5-741D6E62230F} = {FDBF7F4E-0DCA-313B-B0D5-741D6E62230F}
	EndProjectSection
EndProject
Project("{8BC9CEB8-8B4A-11D0-8D11-00A0C91BC942}") = "Knobd", "Knob\Knobd.vcproj", "{8939E6EC-06C4-319C-AEA6-59E3638594B7}"
	GlobalSection(Qt) = preSolution
		Integration = True
	EndGlobalSection
EndProject
Project("{8BC9CEB8-8B4A-11D0-8D11-00A0C91BC942}") = "KnobTest", "Knob\Test\KnobTest.vcproj", "{6ED30BE5-0AFE-317E-AAF6-2C4C4E47649C}"
	GlobalSection(Qt) = preSolution
		Integration = True
	EndGlobalSection
	ProjectSection(ProjectDependencies) = postProject
		{8939E6EC-06C4-319C-AEA6-59E3638594B7} = {8939E6EC-06C4-319C-AEA6-59E3638594B7}
	EndProjectSection
EndProject
Project("{8BC9CEB8-8B4A-11D0-8D11-00A0C91BC942}") = "ScopePlotd", "ScopePlot\scopePlotd.vcproj", "{678F9190-4100-3EAE-8F9E-AFBC0B6AD352}"
	GlobalSection(Qt) = preSolution
		Integration = True
	EndGlobalSection
EndProject
Project("{8BC9CEB8-8B4A-11D0-8D11-00A0C91BC942}") = "ScopePlotTest", "ScopePlot\Test\ScopePlotTest.vcproj", "{584CB3D8-6D6E-3708-9D76-5F8EF5FA56A9}"
	GlobalSection(Qt) = preSolution
		Integration = True
	EndGlobalSection
	ProjectSection(ProjectDependencies) = postProject
		{678F9190-4100-3EAE-8F9E-AFBC0B6AD352} = {678F9190-4100-3EAE-8F9E-AFBC0B6AD352}
	EndProjectSection
EndProject
Project("{8BC9CEB8-8B4A-11D0-8D11-00A0C91BC942}") = "PPId", "PPI\PPId.vcproj", "{3AA8A8A8-D800-3058-9BB3-EADC6A8BFB15}"
	GlobalSection(Qt) = preSolution
		Integration = True
	EndGlobalSection
EndProject
Project("{54435603-DBB4-11D2-8724-00A0C9A8B90C}") = "QtToolboxTest", "QtToolboxTest\QtToolboxTest.vdproj", "{28930F0A-47F6-4E3D-97CB-B385A8558CC7}"
	GlobalSection(Qt) = preSolution
		Integration = True
	EndGlobalSection
EndProject
Project("{8BC9CEB8-8B4A-11D0-8D11-00A0C91BC942}") = "PPITest", "PPI\Test\PPITest.vcproj", "{086796B9-9E97-3EE3-B723-D14909D60409}"
	GlobalSection(Qt) = preSolution
		Integration = True
	EndGlobalSection
EndProject
Global
	GlobalSection(Qt) = preSolution
		Integration = True
	EndGlobalSection
	GlobalSection(SolutionConfigurationPlatforms) = preSolution
		Debug|Win32 = Debug|Win32
		Release|Win32 = Release|Win32
	EndGlobalSection
	GlobalSection(ProjectConfigurationPlatforms) = postSolution
		{57D196B6-E53A-3196-8BCD-FE662A9FA9B4}.Debug|Win32.ActiveCfg = Debug|Win32
		{57D196B6-E53A-3196-8BCD-FE662A9FA9B4}.Debug|Win32.Build.0 = Debug|Win32
		{57D196B6-E53A-3196-8BCD-FE662A9FA9B4}.Release|Win32.ActiveCfg = Release|Win32
		{57D196B6-E53A-3196-8BCD-FE662A9FA9B4}.Release|Win32.Build.0 = Release|Win32
		{85599015-083E-3672-B9EE-71498D034D3B}.Debug|Win32.ActiveCfg = Debug|Win32
		{85599015-083E-3672-B9EE-71498D034D3B}.Debug|Win32.Build.0 = Debug|Win32
		{85599015-083E-3672-B9EE-71498D034D3B}.Release|Win32.ActiveCfg = Release|Win32
		{85599015-083E-3672-B9EE-71498D034D3B}.Release|Win32.Build.0 = Release|Win32
		{FDBF7F4E-0DCA-313B-B0D5-741D6E62230F}.Debug|Win32.ActiveCfg = Debug|Win32
		{FDBF7F4E-0DCA-313B-B0D5-741D6E62230F}.Debug|Win32.Build.0 = Debug|Win32
		{FDBF7F4E-0DCA-313B-B0D5-741D6E62230F}.Release|Win32.ActiveCfg = Release|Win32
		{FDBF7F4E-0DCA-313B-B0D5-741D6E62230F}.Release|Win32.Build.0 = Release|Win32
		{23DA7E25-5651-3CE1-924C-BE5A696368DF}.Debug|Win32.ActiveCfg = Debug|Win32
		{23DA7E25-5651-3CE1-924C-BE5A696368DF}.Debug|Win32.Build.0 = Debug|Win32
		{23DA7E25-5651-3CE1-924C-BE5A696368DF}.Release|Win32.ActiveCfg = Release|Win32
		{23DA7E25-5651-3CE1-924C-BE5A696368DF}.Release|Win32.Build.0 = Release|Win32
		{8939E6EC-06C4-319C-AEA6-59E3638594B7}.Debug|Win32.ActiveCfg = Debug|Win32
		{8939E6EC-06C4-319C-AEA6-59E3638594B7}.Debug|Win32.Build.0 = Debug|Win32
		{8939E6EC-06C4-319C-AEA6-59E3638594B7}.Release|Win32.ActiveCfg = Release|Win32
		{8939E6EC-06C4-319C-AEA6-59E3638594B7}.Release|Win32.Build.0 = Release|Win32
		{6ED30BE5-0AFE-317E-AAF6-2C4C4E47649C}.Debug|Win32.ActiveCfg = Debug|Win32
		{6ED30BE5-0AFE-317E-AAF6-2C4C4E47649C}.Debug|Win32.Build.0 = Debug|Win32
		{6ED30BE5-0AFE-317E-AAF6-2C4C4E47649C}.Release|Win32.ActiveCfg = Release|Win32
		{6ED30BE5-0AFE-317E-AAF6-2C4C4E47649C}.Release|Win32.Build.0 = Release|Win32
		{678F9190-4100-3EAE-8F9E-AFBC0B6AD352}.Debug|Win32.ActiveCfg = Debug|Win32
		{678F9190-4100-3EAE-8F9E-AFBC0B6AD352}.Debug|Win32.Build.0 = Debug|Win32
		{678F9190-4100-3EAE-8F9E-AFBC0B6AD352}.Release|Win32.ActiveCfg = Release|Win32
		{678F9190-4100-3EAE-8F9E-AFBC0B6AD352}.Release|Win32.Build.0 = Release|Win32
		{584CB3D8-6D6E-3708-9D76-5F8EF5FA56A9}.Debug|Win32.ActiveCfg = Debug|Win32
		{584CB3D8-6D6E-3708-9D76-5F8EF5FA56A9}.Debug|Win32.Build.0 = Debug|Win32
		{584CB3D8-6D6E-3708-9D76-5F8EF5FA56A9}.Release|Win32.ActiveCfg = Release|Win32
		{584CB3D8-6D6E-3708-9D76-5F8EF5FA56A9}.Release|Win32.Build.0 = Release|Win32
		{3AA8A8A8-D800-3058-9BB3-EADC6A8BFB15}.Debug|Win32.ActiveCfg = Debug|Win32
		{3AA8A8A8-D800-3058-9BB3-EADC6A8BFB15}.Debug|Win32.Build.0 = Debug|Win32
		{3AA8A8A8-D800-3058-9BB3-EADC6A8BFB15}.Release|Win32.ActiveCfg = Release|Win32
		{3AA8A8A8-D800-3058-9BB3-EADC6A8BFB15}.Release|Win32.Build.0 = Release|Win32
		{28930F0A-47F6-4E3D-97CB-B385A8558CC7}.Debug|Win32.ActiveCfg = Debug
		{28930F0A-47F6-4E3D-97CB-B385A8558CC7}.Release|Win32.ActiveCfg = Release
		{28930F0A-47F6-4E3D-97CB-B385A8558CC7}.Release|Win32.Build.0 = Release
		{086796B9-9E97-3EE3-B723-D14909D60409}.Debug|Win32.ActiveCfg = Debug|Win32
		{086796B9-9E97-3EE3-B723-D14909D60409}.Debug|Win32.Build.0 = Debug|Win32
		{086796B9-9E97-3EE3-B723-D14909D60409}.Release|Win32.ActiveCfg = Release|Win32
		{086796B9-9E97-3EE3-B723-D14909D60409}.Release|Win32.Build.0 = Release|Win32
	EndGlobalSection
	GlobalSection(SolutionProperties) = preSolution
		HideSolutionNode = FALSE
	EndGlobalSection
EndGlobal
